// !$*UTF8*$!
{
	archiveVersion = 1;
	classes = {
	};
	objectVersion = 46;
	objects = {

/* Begin PBXBuildFile section */
		A11D3DAE134E333A00ED284A /* WelcomeController.m in Sources */ = {isa = PBXBuildFile; fileRef = A11D3DAC134E333A00ED284A /* WelcomeController.m */; };
		A11D3DAF134E333A00ED284A /* WelcomeController.xib in Resources */ = {isa = PBXBuildFile; fileRef = A11D3DAD134E333A00ED284A /* WelcomeController.xib */; };
		A11D3DB3134E357400ED284A /* MainForm.m in Sources */ = {isa = PBXBuildFile; fileRef = A11D3DB1134E357400ED284A /* MainForm.m */; };
		A11D3DB4134E357400ED284A /* MainForm.xib in Resources */ = {isa = PBXBuildFile; fileRef = A11D3DB2134E357400ED284A /* MainForm.xib */; };
		A11D3DB7134E3F9600ED284A /* EditableCell.m in Sources */ = {isa = PBXBuildFile; fileRef = A11D3DB6134E3F9600ED284A /* EditableCell.m */; };
		A14E6E811341204A00E62A5E /* UIKit.framework in Frameworks */ = {isa = PBXBuildFile; fileRef = A14E6E801341204A00E62A5E /* UIKit.framework */; };
		A14E6E831341204A00E62A5E /* Foundation.framework in Frameworks */ = {isa = PBXBuildFile; fileRef = A14E6E821341204A00E62A5E /* Foundation.framework */; };
		A14E6E851341204A00E62A5E /* CoreGraphics.framework in Frameworks */ = {isa = PBXBuildFile; fileRef = A14E6E841341204A00E62A5E /* CoreGraphics.framework */; };
		A14E6E871341204A00E62A5E /* CoreData.framework in Frameworks */ = {isa = PBXBuildFile; fileRef = A14E6E861341204A00E62A5E /* CoreData.framework */; };
		A14E6E8D1341204A00E62A5E /* InfoPlist.strings in Resources */ = {isa = PBXBuildFile; fileRef = A14E6E8B1341204A00E62A5E /* InfoPlist.strings */; };
		A14E6E901341204A00E62A5E /* main.m in Sources */ = {isa = PBXBuildFile; fileRef = A14E6E8F1341204A00E62A5E /* main.m */; };
		A14E6E931341204A00E62A5E /* FoodFoodAppDelegate.m in Sources */ = {isa = PBXBuildFile; fileRef = A14E6E921341204A00E62A5E /* FoodFoodAppDelegate.m */; };
		A14E6E961341204A00E62A5E /* FoodFood.xcdatamodeld in Sources */ = {isa = PBXBuildFile; fileRef = A14E6E941341204A00E62A5E /* FoodFood.xcdatamodeld */; };
		A14E6E991341204A00E62A5E /* MainWindow.xib in Resources */ = {isa = PBXBuildFile; fileRef = A14E6E971341204A00E62A5E /* MainWindow.xib */; };
		A14E6EA61341204A00E62A5E /* UIKit.framework in Frameworks */ = {isa = PBXBuildFile; fileRef = A14E6E801341204A00E62A5E /* UIKit.framework */; };
		A14E6EA71341204A00E62A5E /* Foundation.framework in Frameworks */ = {isa = PBXBuildFile; fileRef = A14E6E821341204A00E62A5E /* Foundation.framework */; };
		A14E6EA81341204A00E62A5E /* CoreGraphics.framework in Frameworks */ = {isa = PBXBuildFile; fileRef = A14E6E841341204A00E62A5E /* CoreGraphics.framework */; };
		A14E6EA91341204A00E62A5E /* CoreData.framework in Frameworks */ = {isa = PBXBuildFile; fileRef = A14E6E861341204A00E62A5E /* CoreData.framework */; };
		A196E537134E4AA90001E20E /* EditableCell.xib in Resources */ = {isa = PBXBuildFile; fileRef = A196E536134E4AA90001E20E /* EditableCell.xib */; };
		A196E53B134E50E70001E20E /* FormSingleton.m in Sources */ = {isa = PBXBuildFile; fileRef = A196E53A134E50E70001E20E /* FormSingleton.m */; };
		A19BFBDF134F4D0000C717FD /* Checked.png in Resources */ = {isa = PBXBuildFile; fileRef = A19BFBB0134F4D0000C717FD /* Checked.png */; };
		A19BFBE0134F4D0000C717FD /* EUIActivityIndicatorView.m in Sources */ = {isa = PBXBuildFile; fileRef = A19BFBB3134F4D0000C717FD /* EUIActivityIndicatorView.m */; };
		A19BFBE1134F4D0000C717FD /* PieSpinner1.png in Resources */ = {isa = PBXBuildFile; fileRef = A19BFBB4134F4D0000C717FD /* PieSpinner1.png */; };
		A19BFBE2134F4D0000C717FD /* PieSpinner2.png in Resources */ = {isa = PBXBuildFile; fileRef = A19BFBB5134F4D0000C717FD /* PieSpinner2.png */; };
		A19BFBE3134F4D0000C717FD /* PieSpinner3.png in Resources */ = {isa = PBXBuildFile; fileRef = A19BFBB6134F4D0000C717FD /* PieSpinner3.png */; };
		A19BFBE4134F4D0000C717FD /* PieSpinner4.png in Resources */ = {isa = PBXBuildFile; fileRef = A19BFBB7134F4D0000C717FD /* PieSpinner4.png */; };
		A19BFBE5134F4D0000C717FD /* PieSpinner5.png in Resources */ = {isa = PBXBuildFile; fileRef = A19BFBB8134F4D0000C717FD /* PieSpinner5.png */; };
		A19BFBE6134F4D0000C717FD /* PieSpinner6.png in Resources */ = {isa = PBXBuildFile; fileRef = A19BFBB9134F4D0000C717FD /* PieSpinner6.png */; };
		A19BFBE7134F4D0000C717FD /* PieSpinner7.png in Resources */ = {isa = PBXBuildFile; fileRef = A19BFBBA134F4D0000C717FD /* PieSpinner7.png */; };
		A19BFBE8134F4D0000C717FD /* PieSpinner8.png in Resources */ = {isa = PBXBuildFile; fileRef = A19BFBBB134F4D0000C717FD /* PieSpinner8.png */; };
		A19BFBE9134F4D0000C717FD /* EUIForm.m in Sources */ = {isa = PBXBuildFile; fileRef = A19BFBBD134F4D0000C717FD /* EUIForm.m */; };
		A19BFBEA134F4D0000C717FD /* EUIFormBackground.png in Resources */ = {isa = PBXBuildFile; fileRef = A19BFBBE134F4D0000C717FD /* EUIFormBackground.png */; };
		A19BFBEB134F4D0000C717FD /* EUIFormDatePicker.m in Sources */ = {isa = PBXBuildFile; fileRef = A19BFBC0134F4D0000C717FD /* EUIFormDatePicker.m */; };
		A19BFBEC134F4D0000C717FD /* EUIFormField.m in Sources */ = {isa = PBXBuildFile; fileRef = A19BFBC2134F4D0000C717FD /* EUIFormField.m */; };
		A19BFBED134F4D0000C717FD /* EUIFormFieldList.m in Sources */ = {isa = PBXBuildFile; fileRef = A19BFBC4134F4D0000C717FD /* EUIFormFieldList.m */; };
		A19BFBEE134F4D0000C717FD /* EUIFormFieldSubList.m in Sources */ = {isa = PBXBuildFile; fileRef = A19BFBC6134F4D0000C717FD /* EUIFormFieldSubList.m */; };
		A19BFBEF134F4D0000C717FD /* EUIFormGroup.m in Sources */ = {isa = PBXBuildFile; fileRef = A19BFBC8134F4D0000C717FD /* EUIFormGroup.m */; };
		A19BFBF0134F4D0000C717FD /* EUIFormHighlight.png in Resources */ = {isa = PBXBuildFile; fileRef = A19BFBC9134F4D0000C717FD /* EUIFormHighlight.png */; };
		A19BFBF1134F4D0000C717FD /* EUIFormSample.m in Sources */ = {isa = PBXBuildFile; fileRef = A19BFBCB134F4D0000C717FD /* EUIFormSample.m */; };
		A19BFBF2134F4D0000C717FD /* EUIFormSampleObject.m in Sources */ = {isa = PBXBuildFile; fileRef = A19BFBCD134F4D0000C717FD /* EUIFormSampleObject.m */; };
		A19BFBF3134F4D0000C717FD /* EUIFormStringsEditor.m in Sources */ = {isa = PBXBuildFile; fileRef = A19BFBCF134F4D0000C717FD /* EUIFormStringsEditor.m */; };
		A19BFBF4134F4D0000C717FD /* EUIFormTextEditor.m in Sources */ = {isa = PBXBuildFile; fileRef = A19BFBD1134F4D0000C717FD /* EUIFormTextEditor.m */; };
		A19BFBF5134F4D0000C717FD /* EUIObject.m in Sources */ = {isa = PBXBuildFile; fileRef = A19BFBD3134F4D0000C717FD /* EUIObject.m */; };
		A19BFBF6134F4D0000C717FD /* EUIPhoneNumber.m in Sources */ = {isa = PBXBuildFile; fileRef = A19BFBD5134F4D0000C717FD /* EUIPhoneNumber.m */; };
		A19BFBF7134F4D0000C717FD /* EUIPostData.m in Sources */ = {isa = PBXBuildFile; fileRef = A19BFBD7134F4D0000C717FD /* EUIPostData.m */; };
		A19BFBF8134F4D0000C717FD /* EUIPrompt.m in Sources */ = {isa = PBXBuildFile; fileRef = A19BFBD9134F4D0000C717FD /* EUIPrompt.m */; };
		A19BFBF9134F4D0000C717FD /* EUITableViewController.m in Sources */ = {isa = PBXBuildFile; fileRef = A19BFBDB134F4D0000C717FD /* EUITableViewController.m */; };
		A19BFBFA134F4D0000C717FD /* EUIUtility.m in Sources */ = {isa = PBXBuildFile; fileRef = A19BFBDD134F4D0000C717FD /* EUIUtility.m */; };
		A19BFBFB134F4D0000C717FD /* Unchecked.png in Resources */ = {isa = PBXBuildFile; fileRef = A19BFBDE134F4D0000C717FD /* Unchecked.png */; };
		A1A88023134CF49300176BD3 /* CFNetwork.framework in Frameworks */ = {isa = PBXBuildFile; fileRef = A1DA239F134BD1ED00E476B8 /* CFNetwork.framework */; };
		A1A88024134CF4A100176BD3 /* MobileCoreServices.framework in Frameworks */ = {isa = PBXBuildFile; fileRef = A1DA23A4134BD20F00E476B8 /* MobileCoreServices.framework */; };
		A1A88025134CF4B000176BD3 /* libz.1.2.3.dylib in Frameworks */ = {isa = PBXBuildFile; fileRef = A1DA23A6134BD23700E476B8 /* libz.1.2.3.dylib */; };
		A1A8803A134CF4F900176BD3 /* ASIAuthenticationDialog.m in Sources */ = {isa = PBXBuildFile; fileRef = A1A88027134CF4F900176BD3 /* ASIAuthenticationDialog.m */; };
		A1A8803B134CF4F900176BD3 /* ASIDataCompressor.m in Sources */ = {isa = PBXBuildFile; fileRef = A1A8802A134CF4F900176BD3 /* ASIDataCompressor.m */; };
		A1A8803C134CF4F900176BD3 /* ASIDataDecompressor.m in Sources */ = {isa = PBXBuildFile; fileRef = A1A8802C134CF4F900176BD3 /* ASIDataDecompressor.m */; };
		A1A8803D134CF4F900176BD3 /* ASIDownloadCache.m in Sources */ = {isa = PBXBuildFile; fileRef = A1A8802E134CF4F900176BD3 /* ASIDownloadCache.m */; };
		A1A8803E134CF4F900176BD3 /* ASIFormDataRequest.m in Sources */ = {isa = PBXBuildFile; fileRef = A1A88030134CF4F900176BD3 /* ASIFormDataRequest.m */; };
		A1A8803F134CF4F900176BD3 /* ASIHTTPRequest.m in Sources */ = {isa = PBXBuildFile; fileRef = A1A88032134CF4F900176BD3 /* ASIHTTPRequest.m */; };
		A1A88040134CF4F900176BD3 /* ASIInputStream.m in Sources */ = {isa = PBXBuildFile; fileRef = A1A88036134CF4F900176BD3 /* ASIInputStream.m */; };
		A1A88041134CF4F900176BD3 /* ASINetworkQueue.m in Sources */ = {isa = PBXBuildFile; fileRef = A1A88038134CF4F900176BD3 /* ASINetworkQueue.m */; };
		A1A88044134CF53E00176BD3 /* Reachability.m in Sources */ = {isa = PBXBuildFile; fileRef = A1A88043134CF53E00176BD3 /* Reachability.m */; };
		A1DA23A3134BD20500E476B8 /* SystemConfiguration.framework in Frameworks */ = {isa = PBXBuildFile; fileRef = A1DA23A2134BD20500E476B8 /* SystemConfiguration.framework */; };
		A1DA24F8134BF93200E476B8 /* SystemConfiguration.framework in Frameworks */ = {isa = PBXBuildFile; fileRef = A1DA23A2134BD20500E476B8 /* SystemConfiguration.framework */; };
/* End PBXBuildFile section */

/* Begin PBXContainerItemProxy section */
		A14E6EAA1341204A00E62A5E /* PBXContainerItemProxy */ = {
			isa = PBXContainerItemProxy;
			containerPortal = A14E6E731341204900E62A5E /* Project object */;
			proxyType = 1;
			remoteGlobalIDString = A14E6E7B1341204A00E62A5E;
			remoteInfo = FoodFood;
		};
/* End PBXContainerItemProxy section */

/* Begin PBXFileReference section */
		A11D3DAB134E333A00ED284A /* WelcomeController.h */ = {isa = PBXFileReference; fileEncoding = 4; lastKnownFileType = sourcecode.c.h; path = WelcomeController.h; sourceTree = "<group>"; };
		A11D3DAC134E333A00ED284A /* WelcomeController.m */ = {isa = PBXFileReference; fileEncoding = 4; lastKnownFileType = sourcecode.c.objc; path = WelcomeController.m; sourceTree = "<group>"; };
		A11D3DAD134E333A00ED284A /* WelcomeController.xib */ = {isa = PBXFileReference; fileEncoding = 4; lastKnownFileType = file.xib; path = WelcomeController.xib; sourceTree = "<group>"; };
		A11D3DB0134E357400ED284A /* MainForm.h */ = {isa = PBXFileReference; fileEncoding = 4; lastKnownFileType = sourcecode.c.h; path = MainForm.h; sourceTree = "<group>"; };
		A11D3DB1134E357400ED284A /* MainForm.m */ = {isa = PBXFileReference; fileEncoding = 4; lastKnownFileType = sourcecode.c.objc; path = MainForm.m; sourceTree = "<group>"; };
		A11D3DB2134E357400ED284A /* MainForm.xib */ = {isa = PBXFileReference; fileEncoding = 4; lastKnownFileType = file.xib; path = MainForm.xib; sourceTree = "<group>"; };
		A11D3DB5134E3F9600ED284A /* EditableCell.h */ = {isa = PBXFileReference; fileEncoding = 4; lastKnownFileType = sourcecode.c.h; path = EditableCell.h; sourceTree = "<group>"; };
		A11D3DB6134E3F9600ED284A /* EditableCell.m */ = {isa = PBXFileReference; fileEncoding = 4; lastKnownFileType = sourcecode.c.objc; path = EditableCell.m; sourceTree = "<group>"; };
		A14E6E7C1341204A00E62A5E /* FoodFood.app */ = {isa = PBXFileReference; explicitFileType = wrapper.application; includeInIndex = 0; path = FoodFood.app; sourceTree = BUILT_PRODUCTS_DIR; };
		A14E6E801341204A00E62A5E /* UIKit.framework */ = {isa = PBXFileReference; lastKnownFileType = wrapper.framework; name = UIKit.framework; path = System/Library/Frameworks/UIKit.framework; sourceTree = SDKROOT; };
		A14E6E821341204A00E62A5E /* Foundation.framework */ = {isa = PBXFileReference; lastKnownFileType = wrapper.framework; name = Foundation.framework; path = System/Library/Frameworks/Foundation.framework; sourceTree = SDKROOT; };
		A14E6E841341204A00E62A5E /* CoreGraphics.framework */ = {isa = PBXFileReference; lastKnownFileType = wrapper.framework; name = CoreGraphics.framework; path = System/Library/Frameworks/CoreGraphics.framework; sourceTree = SDKROOT; };
		A14E6E861341204A00E62A5E /* CoreData.framework */ = {isa = PBXFileReference; lastKnownFileType = wrapper.framework; name = CoreData.framework; path = System/Library/Frameworks/CoreData.framework; sourceTree = SDKROOT; };
		A14E6E8A1341204A00E62A5E /* FoodFood-Info.plist */ = {isa = PBXFileReference; lastKnownFileType = text.plist.xml; path = "FoodFood-Info.plist"; sourceTree = "<group>"; };
		A14E6E8C1341204A00E62A5E /* en */ = {isa = PBXFileReference; lastKnownFileType = text.plist.strings; name = en; path = en.lproj/InfoPlist.strings; sourceTree = "<group>"; };
		A14E6E8E1341204A00E62A5E /* FoodFood-Prefix.pch */ = {isa = PBXFileReference; lastKnownFileType = sourcecode.c.h; path = "FoodFood-Prefix.pch"; sourceTree = "<group>"; };
		A14E6E8F1341204A00E62A5E /* main.m */ = {isa = PBXFileReference; lastKnownFileType = sourcecode.c.objc; path = main.m; sourceTree = "<group>"; };
		A14E6E911341204A00E62A5E /* FoodFoodAppDelegate.h */ = {isa = PBXFileReference; lastKnownFileType = sourcecode.c.h; path = FoodFoodAppDelegate.h; sourceTree = "<group>"; };
		A14E6E921341204A00E62A5E /* FoodFoodAppDelegate.m */ = {isa = PBXFileReference; lastKnownFileType = sourcecode.c.objc; path = FoodFoodAppDelegate.m; sourceTree = "<group>"; };
		A14E6E951341204A00E62A5E /* FoodFood.xcdatamodel */ = {isa = PBXFileReference; lastKnownFileType = wrapper.xcdatamodel; path = FoodFood.xcdatamodel; sourceTree = "<group>"; };
		A14E6E981341204A00E62A5E /* en */ = {isa = PBXFileReference; lastKnownFileType = file.xib; name = en; path = en.lproj/MainWindow.xib; sourceTree = "<group>"; };
		A14E6EA51341204A00E62A5E /* FoodFoodTests.octest */ = {isa = PBXFileReference; explicitFileType = wrapper.cfbundle; includeInIndex = 0; path = FoodFoodTests.octest; sourceTree = BUILT_PRODUCTS_DIR; };
		A196E536134E4AA90001E20E /* EditableCell.xib */ = {isa = PBXFileReference; fileEncoding = 4; lastKnownFileType = file.xib; path = EditableCell.xib; sourceTree = "<group>"; };
		A196E539134E50E70001E20E /* FormSingleton.h */ = {isa = PBXFileReference; fileEncoding = 4; lastKnownFileType = sourcecode.c.h; path = FormSingleton.h; sourceTree = "<group>"; };
		A196E53A134E50E70001E20E /* FormSingleton.m */ = {isa = PBXFileReference; fileEncoding = 4; lastKnownFileType = sourcecode.c.objc; path = FormSingleton.m; sourceTree = "<group>"; };
		A19BFBB0134F4D0000C717FD /* Checked.png */ = {isa = PBXFileReference; lastKnownFileType = image.png; path = Checked.png; sourceTree = "<group>"; };
		A19BFBB2134F4D0000C717FD /* EUIActivityIndicatorView.h */ = {isa = PBXFileReference; fileEncoding = 4; lastKnownFileType = sourcecode.c.h; path = EUIActivityIndicatorView.h; sourceTree = "<group>"; };
		A19BFBB3134F4D0000C717FD /* EUIActivityIndicatorView.m */ = {isa = PBXFileReference; fileEncoding = 4; lastKnownFileType = sourcecode.c.objc; path = EUIActivityIndicatorView.m; sourceTree = "<group>"; };
		A19BFBB4134F4D0000C717FD /* PieSpinner1.png */ = {isa = PBXFileReference; lastKnownFileType = image.png; path = PieSpinner1.png; sourceTree = "<group>"; };
		A19BFBB5134F4D0000C717FD /* PieSpinner2.png */ = {isa = PBXFileReference; lastKnownFileType = image.png; path = PieSpinner2.png; sourceTree = "<group>"; };
		A19BFBB6134F4D0000C717FD /* PieSpinner3.png */ = {isa = PBXFileReference; lastKnownFileType = image.png; path = PieSpinner3.png; sourceTree = "<group>"; };
		A19BFBB7134F4D0000C717FD /* PieSpinner4.png */ = {isa = PBXFileReference; lastKnownFileType = image.png; path = PieSpinner4.png; sourceTree = "<group>"; };
		A19BFBB8134F4D0000C717FD /* PieSpinner5.png */ = {isa = PBXFileReference; lastKnownFileType = image.png; path = PieSpinner5.png; sourceTree = "<group>"; };
		A19BFBB9134F4D0000C717FD /* PieSpinner6.png */ = {isa = PBXFileReference; lastKnownFileType = image.png; path = PieSpinner6.png; sourceTree = "<group>"; };
		A19BFBBA134F4D0000C717FD /* PieSpinner7.png */ = {isa = PBXFileReference; lastKnownFileType = image.png; path = PieSpinner7.png; sourceTree = "<group>"; };
		A19BFBBB134F4D0000C717FD /* PieSpinner8.png */ = {isa = PBXFileReference; lastKnownFileType = image.png; path = PieSpinner8.png; sourceTree = "<group>"; };
		A19BFBBC134F4D0000C717FD /* EUIForm.h */ = {isa = PBXFileReference; fileEncoding = 4; lastKnownFileType = sourcecode.c.h; path = EUIForm.h; sourceTree = "<group>"; };
		A19BFBBD134F4D0000C717FD /* EUIForm.m */ = {isa = PBXFileReference; fileEncoding = 4; lastKnownFileType = sourcecode.c.objc; path = EUIForm.m; sourceTree = "<group>"; };
		A19BFBBE134F4D0000C717FD /* EUIFormBackground.png */ = {isa = PBXFileReference; lastKnownFileType = image.png; path = EUIFormBackground.png; sourceTree = "<group>"; };
		A19BFBBF134F4D0000C717FD /* EUIFormDatePicker.h */ = {isa = PBXFileReference; fileEncoding = 4; lastKnownFileType = sourcecode.c.h; path = EUIFormDatePicker.h; sourceTree = "<group>"; };
		A19BFBC0134F4D0000C717FD /* EUIFormDatePicker.m */ = {isa = PBXFileReference; fileEncoding = 4; lastKnownFileType = sourcecode.c.objc; path = EUIFormDatePicker.m; sourceTree = "<group>"; };
		A19BFBC1134F4D0000C717FD /* EUIFormField.h */ = {isa = PBXFileReference; fileEncoding = 4; lastKnownFileType = sourcecode.c.h; path = EUIFormField.h; sourceTree = "<group>"; };
		A19BFBC2134F4D0000C717FD /* EUIFormField.m */ = {isa = PBXFileReference; fileEncoding = 4; lastKnownFileType = sourcecode.c.objc; path = EUIFormField.m; sourceTree = "<group>"; };
		A19BFBC3134F4D0000C717FD /* EUIFormFieldList.h */ = {isa = PBXFileReference; fileEncoding = 4; lastKnownFileType = sourcecode.c.h; path = EUIFormFieldList.h; sourceTree = "<group>"; };
		A19BFBC4134F4D0000C717FD /* EUIFormFieldList.m */ = {isa = PBXFileReference; fileEncoding = 4; lastKnownFileType = sourcecode.c.objc; path = EUIFormFieldList.m; sourceTree = "<group>"; };
		A19BFBC5134F4D0000C717FD /* EUIFormFieldSubList.h */ = {isa = PBXFileReference; fileEncoding = 4; lastKnownFileType = sourcecode.c.h; path = EUIFormFieldSubList.h; sourceTree = "<group>"; };
		A19BFBC6134F4D0000C717FD /* EUIFormFieldSubList.m */ = {isa = PBXFileReference; fileEncoding = 4; lastKnownFileType = sourcecode.c.objc; path = EUIFormFieldSubList.m; sourceTree = "<group>"; };
		A19BFBC7134F4D0000C717FD /* EUIFormGroup.h */ = {isa = PBXFileReference; fileEncoding = 4; lastKnownFileType = sourcecode.c.h; path = EUIFormGroup.h; sourceTree = "<group>"; };
		A19BFBC8134F4D0000C717FD /* EUIFormGroup.m */ = {isa = PBXFileReference; fileEncoding = 4; lastKnownFileType = sourcecode.c.objc; path = EUIFormGroup.m; sourceTree = "<group>"; };
		A19BFBC9134F4D0000C717FD /* EUIFormHighlight.png */ = {isa = PBXFileReference; lastKnownFileType = image.png; path = EUIFormHighlight.png; sourceTree = "<group>"; };
		A19BFBCA134F4D0000C717FD /* EUIFormSample.h */ = {isa = PBXFileReference; fileEncoding = 4; lastKnownFileType = sourcecode.c.h; path = EUIFormSample.h; sourceTree = "<group>"; };
		A19BFBCB134F4D0000C717FD /* EUIFormSample.m */ = {isa = PBXFileReference; fileEncoding = 4; lastKnownFileType = sourcecode.c.objc; path = EUIFormSample.m; sourceTree = "<group>"; };
		A19BFBCC134F4D0000C717FD /* EUIFormSampleObject.h */ = {isa = PBXFileReference; fileEncoding = 4; lastKnownFileType = sourcecode.c.h; path = EUIFormSampleObject.h; sourceTree = "<group>"; };
		A19BFBCD134F4D0000C717FD /* EUIFormSampleObject.m */ = {isa = PBXFileReference; fileEncoding = 4; lastKnownFileType = sourcecode.c.objc; path = EUIFormSampleObject.m; sourceTree = "<group>"; };
		A19BFBCE134F4D0000C717FD /* EUIFormStringsEditor.h */ = {isa = PBXFileReference; fileEncoding = 4; lastKnownFileType = sourcecode.c.h; path = EUIFormStringsEditor.h; sourceTree = "<group>"; };
		A19BFBCF134F4D0000C717FD /* EUIFormStringsEditor.m */ = {isa = PBXFileReference; fileEncoding = 4; lastKnownFileType = sourcecode.c.objc; path = EUIFormStringsEditor.m; sourceTree = "<group>"; };
		A19BFBD0134F4D0000C717FD /* EUIFormTextEditor.h */ = {isa = PBXFileReference; fileEncoding = 4; lastKnownFileType = sourcecode.c.h; path = EUIFormTextEditor.h; sourceTree = "<group>"; };
		A19BFBD1134F4D0000C717FD /* EUIFormTextEditor.m */ = {isa = PBXFileReference; fileEncoding = 4; lastKnownFileType = sourcecode.c.objc; path = EUIFormTextEditor.m; sourceTree = "<group>"; };
		A19BFBD2134F4D0000C717FD /* EUIObject.h */ = {isa = PBXFileReference; fileEncoding = 4; lastKnownFileType = sourcecode.c.h; path = EUIObject.h; sourceTree = "<group>"; };
		A19BFBD3134F4D0000C717FD /* EUIObject.m */ = {isa = PBXFileReference; fileEncoding = 4; lastKnownFileType = sourcecode.c.objc; path = EUIObject.m; sourceTree = "<group>"; };
		A19BFBD4134F4D0000C717FD /* EUIPhoneNumber.h */ = {isa = PBXFileReference; fileEncoding = 4; lastKnownFileType = sourcecode.c.h; path = EUIPhoneNumber.h; sourceTree = "<group>"; };
		A19BFBD5134F4D0000C717FD /* EUIPhoneNumber.m */ = {isa = PBXFileReference; fileEncoding = 4; lastKnownFileType = sourcecode.c.objc; path = EUIPhoneNumber.m; sourceTree = "<group>"; };
		A19BFBD6134F4D0000C717FD /* EUIPostData.h */ = {isa = PBXFileReference; fileEncoding = 4; lastKnownFileType = sourcecode.c.h; path = EUIPostData.h; sourceTree = "<group>"; };
		A19BFBD7134F4D0000C717FD /* EUIPostData.m */ = {isa = PBXFileReference; fileEncoding = 4; lastKnownFileType = sourcecode.c.objc; path = EUIPostData.m; sourceTree = "<group>"; };
		A19BFBD8134F4D0000C717FD /* EUIPrompt.h */ = {isa = PBXFileReference; fileEncoding = 4; lastKnownFileType = sourcecode.c.h; path = EUIPrompt.h; sourceTree = "<group>"; };
		A19BFBD9134F4D0000C717FD /* EUIPrompt.m */ = {isa = PBXFileReference; fileEncoding = 4; lastKnownFileType = sourcecode.c.objc; path = EUIPrompt.m; sourceTree = "<group>"; };
		A19BFBDA134F4D0000C717FD /* EUITableViewController.h */ = {isa = PBXFileReference; fileEncoding = 4; lastKnownFileType = sourcecode.c.h; path = EUITableViewController.h; sourceTree = "<group>"; };
		A19BFBDB134F4D0000C717FD /* EUITableViewController.m */ = {isa = PBXFileReference; fileEncoding = 4; lastKnownFileType = sourcecode.c.objc; path = EUITableViewController.m; sourceTree = "<group>"; };
		A19BFBDC134F4D0000C717FD /* EUIUtility.h */ = {isa = PBXFileReference; fileEncoding = 4; lastKnownFileType = sourcecode.c.h; path = EUIUtility.h; sourceTree = "<group>"; };
		A19BFBDD134F4D0000C717FD /* EUIUtility.m */ = {isa = PBXFileReference; fileEncoding = 4; lastKnownFileType = sourcecode.c.objc; path = EUIUtility.m; sourceTree = "<group>"; };
		A19BFBDE134F4D0000C717FD /* Unchecked.png */ = {isa = PBXFileReference; lastKnownFileType = image.png; path = Unchecked.png; sourceTree = "<group>"; };
		A1A88026134CF4F900176BD3 /* ASIAuthenticationDialog.h */ = {isa = PBXFileReference; fileEncoding = 4; lastKnownFileType = sourcecode.c.h; path = ASIAuthenticationDialog.h; sourceTree = "<group>"; };
		A1A88027134CF4F900176BD3 /* ASIAuthenticationDialog.m */ = {isa = PBXFileReference; fileEncoding = 4; lastKnownFileType = sourcecode.c.objc; path = ASIAuthenticationDialog.m; sourceTree = "<group>"; };
		A1A88028134CF4F900176BD3 /* ASICacheDelegate.h */ = {isa = PBXFileReference; fileEncoding = 4; lastKnownFileType = sourcecode.c.h; path = ASICacheDelegate.h; sourceTree = "<group>"; };
		A1A88029134CF4F900176BD3 /* ASIDataCompressor.h */ = {isa = PBXFileReference; fileEncoding = 4; lastKnownFileType = sourcecode.c.h; path = ASIDataCompressor.h; sourceTree = "<group>"; };
		A1A8802A134CF4F900176BD3 /* ASIDataCompressor.m */ = {isa = PBXFileReference; fileEncoding = 4; lastKnownFileType = sourcecode.c.objc; path = ASIDataCompressor.m; sourceTree = "<group>"; };
		A1A8802B134CF4F900176BD3 /* ASIDataDecompressor.h */ = {isa = PBXFileReference; fileEncoding = 4; lastKnownFileType = sourcecode.c.h; path = ASIDataDecompressor.h; sourceTree = "<group>"; };
		A1A8802C134CF4F900176BD3 /* ASIDataDecompressor.m */ = {isa = PBXFileReference; fileEncoding = 4; lastKnownFileType = sourcecode.c.objc; path = ASIDataDecompressor.m; sourceTree = "<group>"; };
		A1A8802D134CF4F900176BD3 /* ASIDownloadCache.h */ = {isa = PBXFileReference; fileEncoding = 4; lastKnownFileType = sourcecode.c.h; path = ASIDownloadCache.h; sourceTree = "<group>"; };
		A1A8802E134CF4F900176BD3 /* ASIDownloadCache.m */ = {isa = PBXFileReference; fileEncoding = 4; lastKnownFileType = sourcecode.c.objc; path = ASIDownloadCache.m; sourceTree = "<group>"; };
		A1A8802F134CF4F900176BD3 /* ASIFormDataRequest.h */ = {isa = PBXFileReference; fileEncoding = 4; lastKnownFileType = sourcecode.c.h; path = ASIFormDataRequest.h; sourceTree = "<group>"; };
		A1A88030134CF4F900176BD3 /* ASIFormDataRequest.m */ = {isa = PBXFileReference; fileEncoding = 4; lastKnownFileType = sourcecode.c.objc; path = ASIFormDataRequest.m; sourceTree = "<group>"; };
		A1A88031134CF4F900176BD3 /* ASIHTTPRequest.h */ = {isa = PBXFileReference; fileEncoding = 4; lastKnownFileType = sourcecode.c.h; path = ASIHTTPRequest.h; sourceTree = "<group>"; };
		A1A88032134CF4F900176BD3 /* ASIHTTPRequest.m */ = {isa = PBXFileReference; fileEncoding = 4; lastKnownFileType = sourcecode.c.objc; path = ASIHTTPRequest.m; sourceTree = "<group>"; };
		A1A88033134CF4F900176BD3 /* ASIHTTPRequestConfig.h */ = {isa = PBXFileReference; fileEncoding = 4; lastKnownFileType = sourcecode.c.h; path = ASIHTTPRequestConfig.h; sourceTree = "<group>"; };
		A1A88034134CF4F900176BD3 /* ASIHTTPRequestDelegate.h */ = {isa = PBXFileReference; fileEncoding = 4; lastKnownFileType = sourcecode.c.h; path = ASIHTTPRequestDelegate.h; sourceTree = "<group>"; };
		A1A88035134CF4F900176BD3 /* ASIInputStream.h */ = {isa = PBXFileReference; fileEncoding = 4; lastKnownFileType = sourcecode.c.h; path = ASIInputStream.h; sourceTree = "<group>"; };
		A1A88036134CF4F900176BD3 /* ASIInputStream.m */ = {isa = PBXFileReference; fileEncoding = 4; lastKnownFileType = sourcecode.c.objc; path = ASIInputStream.m; sourceTree = "<group>"; };
		A1A88037134CF4F900176BD3 /* ASINetworkQueue.h */ = {isa = PBXFileReference; fileEncoding = 4; lastKnownFileType = sourcecode.c.h; path = ASINetworkQueue.h; sourceTree = "<group>"; };
		A1A88038134CF4F900176BD3 /* ASINetworkQueue.m */ = {isa = PBXFileReference; fileEncoding = 4; lastKnownFileType = sourcecode.c.objc; path = ASINetworkQueue.m; sourceTree = "<group>"; };
		A1A88039134CF4F900176BD3 /* ASIProgressDelegate.h */ = {isa = PBXFileReference; fileEncoding = 4; lastKnownFileType = sourcecode.c.h; path = ASIProgressDelegate.h; sourceTree = "<group>"; };
		A1A88042134CF53E00176BD3 /* Reachability.h */ = {isa = PBXFileReference; fileEncoding = 4; lastKnownFileType = sourcecode.c.h; path = Reachability.h; sourceTree = "<group>"; };
		A1A88043134CF53E00176BD3 /* Reachability.m */ = {isa = PBXFileReference; fileEncoding = 4; lastKnownFileType = sourcecode.c.objc; path = Reachability.m; sourceTree = "<group>"; };
		A1DA239F134BD1ED00E476B8 /* CFNetwork.framework */ = {isa = PBXFileReference; lastKnownFileType = wrapper.framework; name = CFNetwork.framework; path = System/Library/Frameworks/CFNetwork.framework; sourceTree = SDKROOT; };
		A1DA23A2134BD20500E476B8 /* SystemConfiguration.framework */ = {isa = PBXFileReference; lastKnownFileType = wrapper.framework; name = SystemConfiguration.framework; path = System/Library/Frameworks/SystemConfiguration.framework; sourceTree = SDKROOT; };
		A1DA23A4134BD20F00E476B8 /* MobileCoreServices.framework */ = {isa = PBXFileReference; lastKnownFileType = wrapper.framework; name = MobileCoreServices.framework; path = System/Library/Frameworks/MobileCoreServices.framework; sourceTree = SDKROOT; };
		A1DA23A6134BD23700E476B8 /* libz.1.2.3.dylib */ = {isa = PBXFileReference; lastKnownFileType = "compiled.mach-o.dylib"; name = libz.1.2.3.dylib; path = usr/lib/libz.1.2.3.dylib; sourceTree = SDKROOT; };
/* End PBXFileReference section */

/* Begin PBXFrameworksBuildPhase section */
		A14E6E791341204A00E62A5E /* Frameworks */ = {
			isa = PBXFrameworksBuildPhase;
			buildActionMask = 2147483647;
			files = (
				A1A88025134CF4B000176BD3 /* libz.1.2.3.dylib in Frameworks */,
				A1A88024134CF4A100176BD3 /* MobileCoreServices.framework in Frameworks */,
				A1A88023134CF49300176BD3 /* CFNetwork.framework in Frameworks */,
				A1DA24F8134BF93200E476B8 /* SystemConfiguration.framework in Frameworks */,
				A14E6E811341204A00E62A5E /* UIKit.framework in Frameworks */,
				A14E6E831341204A00E62A5E /* Foundation.framework in Frameworks */,
				A14E6E851341204A00E62A5E /* CoreGraphics.framework in Frameworks */,
				A14E6E871341204A00E62A5E /* CoreData.framework in Frameworks */,
			);
			runOnlyForDeploymentPostprocessing = 0;
		};
		A14E6EA11341204A00E62A5E /* Frameworks */ = {
			isa = PBXFrameworksBuildPhase;
			buildActionMask = 2147483647;
			files = (
				A1DA23A3134BD20500E476B8 /* SystemConfiguration.framework in Frameworks */,
				A14E6EA61341204A00E62A5E /* UIKit.framework in Frameworks */,
				A14E6EA71341204A00E62A5E /* Foundation.framework in Frameworks */,
				A14E6EA81341204A00E62A5E /* CoreGraphics.framework in Frameworks */,
				A14E6EA91341204A00E62A5E /* CoreData.framework in Frameworks */,
			);
			runOnlyForDeploymentPostprocessing = 0;
		};
/* End PBXFrameworksBuildPhase section */

/* Begin PBXGroup section */
		A11D3DA8134E2FA500ED284A /* Models */ = {
			isa = PBXGroup;
			children = (
				A14E6E941341204A00E62A5E /* FoodFood.xcdatamodeld */,
				A196E539134E50E70001E20E /* FormSingleton.h */,
				A196E53A134E50E70001E20E /* FormSingleton.m */,
			);
			name = Models;
			sourceTree = "<group>";
		};
		A11D3DA9134E2FAB00ED284A /* Controllers */ = {
			isa = PBXGroup;
			children = (
				A11D3DAB134E333A00ED284A /* WelcomeController.h */,
				A11D3DAC134E333A00ED284A /* WelcomeController.m */,
				A11D3DB0134E357400ED284A /* MainForm.h */,
				A11D3DB1134E357400ED284A /* MainForm.m */,
			);
			name = Controllers;
			sourceTree = "<group>";
		};
		A11D3DAA134E2FB500ED284A /* Views */ = {
			isa = PBXGroup;
			children = (
				A11D3DB5134E3F9600ED284A /* EditableCell.h */,
				A11D3DB6134E3F9600ED284A /* EditableCell.m */,
			);
			name = Views;
			sourceTree = "<group>";
		};
		A14E6E711341204900E62A5E = {
			isa = PBXGroup;
			children = (
				A14E6E881341204A00E62A5E /* FoodFood */,
				A14E6E7F1341204A00E62A5E /* Frameworks */,
				A1DA23A8134BD45F00E476B8 /* Libraries */,
				A14E6E7D1341204A00E62A5E /* Products */,
			);
			sourceTree = "<group>";
		};
		A14E6E7D1341204A00E62A5E /* Products */ = {
			isa = PBXGroup;
			children = (
				A14E6E7C1341204A00E62A5E /* FoodFood.app */,
				A14E6EA51341204A00E62A5E /* FoodFoodTests.octest */,
			);
			name = Products;
			sourceTree = "<group>";
		};
		A14E6E7F1341204A00E62A5E /* Frameworks */ = {
			isa = PBXGroup;
			children = (
				A1DA23A6134BD23700E476B8 /* libz.1.2.3.dylib */,
				A1DA23A4134BD20F00E476B8 /* MobileCoreServices.framework */,
				A1DA23A2134BD20500E476B8 /* SystemConfiguration.framework */,
				A1DA239F134BD1ED00E476B8 /* CFNetwork.framework */,
				A14E6E801341204A00E62A5E /* UIKit.framework */,
				A14E6E821341204A00E62A5E /* Foundation.framework */,
				A14E6E841341204A00E62A5E /* CoreGraphics.framework */,
				A14E6E861341204A00E62A5E /* CoreData.framework */,
			);
			name = Frameworks;
			sourceTree = "<group>";
		};
		A14E6E881341204A00E62A5E /* FoodFood */ = {
			isa = PBXGroup;
			children = (
				A11D3DAA134E2FB500ED284A /* Views */,
				A11D3DA9134E2FAB00ED284A /* Controllers */,
				A11D3DA8134E2FA500ED284A /* Models */,
				A14E6E911341204A00E62A5E /* FoodFoodAppDelegate.h */,
				A14E6E921341204A00E62A5E /* FoodFoodAppDelegate.m */,
				A14E6E891341204A00E62A5E /* Supporting Files */,
			);
			path = FoodFood;
			sourceTree = "<group>";
		};
		A14E6E891341204A00E62A5E /* Supporting Files */ = {
			isa = PBXGroup;
			children = (
				A14E6E971341204A00E62A5E /* MainWindow.xib */,
				A196E536134E4AA90001E20E /* EditableCell.xib */,
				A11D3DB2134E357400ED284A /* MainForm.xib */,
				A11D3DAD134E333A00ED284A /* WelcomeController.xib */,
				A14E6E8A1341204A00E62A5E /* FoodFood-Info.plist */,
				A14E6E8B1341204A00E62A5E /* InfoPlist.strings */,
				A14E6E8E1341204A00E62A5E /* FoodFood-Prefix.pch */,
				A14E6E8F1341204A00E62A5E /* main.m */,
			);
			name = "Supporting Files";
			sourceTree = "<group>";
		};
		A19BFBAF134F4CD800C717FD /* ASI */ = {
			isa = PBXGroup;
			children = (
				A1A88042134CF53E00176BD3 /* Reachability.h */,
				A1A88043134CF53E00176BD3 /* Reachability.m */,
				A1A88026134CF4F900176BD3 /* ASIAuthenticationDialog.h */,
				A1A88027134CF4F900176BD3 /* ASIAuthenticationDialog.m */,
				A1A88028134CF4F900176BD3 /* ASICacheDelegate.h */,
				A1A88029134CF4F900176BD3 /* ASIDataCompressor.h */,
				A1A8802A134CF4F900176BD3 /* ASIDataCompressor.m */,
				A1A8802B134CF4F900176BD3 /* ASIDataDecompressor.h */,
				A1A8802C134CF4F900176BD3 /* ASIDataDecompressor.m */,
				A1A8802D134CF4F900176BD3 /* ASIDownloadCache.h */,
				A1A8802E134CF4F900176BD3 /* ASIDownloadCache.m */,
				A1A8802F134CF4F900176BD3 /* ASIFormDataRequest.h */,
				A1A88030134CF4F900176BD3 /* ASIFormDataRequest.m */,
				A1A88031134CF4F900176BD3 /* ASIHTTPRequest.h */,
				A1A88032134CF4F900176BD3 /* ASIHTTPRequest.m */,
				A1A88033134CF4F900176BD3 /* ASIHTTPRequestConfig.h */,
				A1A88034134CF4F900176BD3 /* ASIHTTPRequestDelegate.h */,
				A1A88035134CF4F900176BD3 /* ASIInputStream.h */,
				A1A88036134CF4F900176BD3 /* ASIInputStream.m */,
				A1A88037134CF4F900176BD3 /* ASINetworkQueue.h */,
				A1A88038134CF4F900176BD3 /* ASINetworkQueue.m */,
				A1A88039134CF4F900176BD3 /* ASIProgressDelegate.h */,
			);
			name = ASI;
			sourceTree = "<group>";
		};
		A19BFBB1134F4D0000C717FD /* EUIActivityIndicatorView */ = {
			isa = PBXGroup;
			children = (
				A19BFBB2134F4D0000C717FD /* EUIActivityIndicatorView.h */,
				A19BFBB3134F4D0000C717FD /* EUIActivityIndicatorView.m */,
				A19BFBB4134F4D0000C717FD /* PieSpinner1.png */,
				A19BFBB5134F4D0000C717FD /* PieSpinner2.png */,
				A19BFBB6134F4D0000C717FD /* PieSpinner3.png */,
				A19BFBB7134F4D0000C717FD /* PieSpinner4.png */,
				A19BFBB8134F4D0000C717FD /* PieSpinner5.png */,
				A19BFBB9134F4D0000C717FD /* PieSpinner6.png */,
				A19BFBBA134F4D0000C717FD /* PieSpinner7.png */,
				A19BFBBB134F4D0000C717FD /* PieSpinner8.png */,
			);
			path = EUIActivityIndicatorView;
			sourceTree = "<group>";
		};
		A19BFBFC134F4D1100C717FD /* EUI */ = {
			isa = PBXGroup;
			children = (
				A19BFBB0134F4D0000C717FD /* Checked.png */,
				A19BFBB1134F4D0000C717FD /* EUIActivityIndicatorView */,
				A19BFBBC134F4D0000C717FD /* EUIForm.h */,
				A19BFBBD134F4D0000C717FD /* EUIForm.m */,
				A19BFBBE134F4D0000C717FD /* EUIFormBackground.png */,
				A19BFBBF134F4D0000C717FD /* EUIFormDatePicker.h */,
				A19BFBC0134F4D0000C717FD /* EUIFormDatePicker.m */,
				A19BFBC1134F4D0000C717FD /* EUIFormField.h */,
				A19BFBC2134F4D0000C717FD /* EUIFormField.m */,
				A19BFBC3134F4D0000C717FD /* EUIFormFieldList.h */,
				A19BFBC4134F4D0000C717FD /* EUIFormFieldList.m */,
				A19BFBC5134F4D0000C717FD /* EUIFormFieldSubList.h */,
				A19BFBC6134F4D0000C717FD /* EUIFormFieldSubList.m */,
				A19BFBC7134F4D0000C717FD /* EUIFormGroup.h */,
				A19BFBC8134F4D0000C717FD /* EUIFormGroup.m */,
				A19BFBC9134F4D0000C717FD /* EUIFormHighlight.png */,
				A19BFBCA134F4D0000C717FD /* EUIFormSample.h */,
				A19BFBCB134F4D0000C717FD /* EUIFormSample.m */,
				A19BFBCC134F4D0000C717FD /* EUIFormSampleObject.h */,
				A19BFBCD134F4D0000C717FD /* EUIFormSampleObject.m */,
				A19BFBCE134F4D0000C717FD /* EUIFormStringsEditor.h */,
				A19BFBCF134F4D0000C717FD /* EUIFormStringsEditor.m */,
				A19BFBD0134F4D0000C717FD /* EUIFormTextEditor.h */,
				A19BFBD1134F4D0000C717FD /* EUIFormTextEditor.m */,
				A19BFBD2134F4D0000C717FD /* EUIObject.h */,
				A19BFBD3134F4D0000C717FD /* EUIObject.m */,
				A19BFBD4134F4D0000C717FD /* EUIPhoneNumber.h */,
				A19BFBD5134F4D0000C717FD /* EUIPhoneNumber.m */,
				A19BFBD6134F4D0000C717FD /* EUIPostData.h */,
				A19BFBD7134F4D0000C717FD /* EUIPostData.m */,
				A19BFBD8134F4D0000C717FD /* EUIPrompt.h */,
				A19BFBD9134F4D0000C717FD /* EUIPrompt.m */,
				A19BFBDA134F4D0000C717FD /* EUITableViewController.h */,
				A19BFBDB134F4D0000C717FD /* EUITableViewController.m */,
				A19BFBDC134F4D0000C717FD /* EUIUtility.h */,
				A19BFBDD134F4D0000C717FD /* EUIUtility.m */,
				A19BFBDE134F4D0000C717FD /* Unchecked.png */,
			);
			name = EUI;
			sourceTree = "<group>";
		};
		A1DA23A8134BD45F00E476B8 /* Libraries */ = {
			isa = PBXGroup;
			children = (
				A19BFBFC134F4D1100C717FD /* EUI */,
				A19BFBAF134F4CD800C717FD /* ASI */,
			);
			name = Libraries;
			path = FoodFood/Vendor;
			sourceTree = "<group>";
		};
/* End PBXGroup section */

/* Begin PBXNativeTarget section */
		A14E6E7B1341204A00E62A5E /* FoodFood */ = {
			isa = PBXNativeTarget;
			buildConfigurationList = A14E6EB91341204A00E62A5E /* Build configuration list for PBXNativeTarget "FoodFood" */;
			buildPhases = (
				A14E6E781341204A00E62A5E /* Sources */,
				A14E6E791341204A00E62A5E /* Frameworks */,
				A14E6E7A1341204A00E62A5E /* Resources */,
			);
			buildRules = (
			);
			dependencies = (
			);
			name = FoodFood;
			productName = FoodFood;
			productReference = A14E6E7C1341204A00E62A5E /* FoodFood.app */;
			productType = "com.apple.product-type.application";
		};
		A14E6EA41341204A00E62A5E /* FoodFoodTests */ = {
			isa = PBXNativeTarget;
			buildConfigurationList = A14E6EBC1341204A00E62A5E /* Build configuration list for PBXNativeTarget "FoodFoodTests" */;
			buildPhases = (
				A14E6EA01341204A00E62A5E /* Sources */,
				A14E6EA11341204A00E62A5E /* Frameworks */,
				A14E6EA21341204A00E62A5E /* Resources */,
				A14E6EA31341204A00E62A5E /* ShellScript */,
			);
			buildRules = (
			);
			dependencies = (
				A14E6EAB1341204A00E62A5E /* PBXTargetDependency */,
			);
			name = FoodFoodTests;
			productName = FoodFoodTests;
			productReference = A14E6EA51341204A00E62A5E /* FoodFoodTests.octest */;
			productType = "com.apple.product-type.bundle";
		};
/* End PBXNativeTarget section */

/* Begin PBXProject section */
		A14E6E731341204900E62A5E /* Project object */ = {
			isa = PBXProject;
			attributes = {
				ORGANIZATIONNAME = andCulture;
			};
			buildConfigurationList = A14E6E761341204900E62A5E /* Build configuration list for PBXProject "FoodFood" */;
			compatibilityVersion = "Xcode 3.2";
			developmentRegion = English;
			hasScannedForEncodings = 0;
			knownRegions = (
				en,
				English,
			);
			mainGroup = A14E6E711341204900E62A5E;
			productRefGroup = A14E6E7D1341204A00E62A5E /* Products */;
			projectDirPath = "";
			projectRoot = "";
			targets = (
				A14E6E7B1341204A00E62A5E /* FoodFood */,
				A14E6EA41341204A00E62A5E /* FoodFoodTests */,
			);
		};
/* End PBXProject section */

/* Begin PBXResourcesBuildPhase section */
		A14E6E7A1341204A00E62A5E /* Resources */ = {
			isa = PBXResourcesBuildPhase;
			buildActionMask = 2147483647;
			files = (
				A14E6E8D1341204A00E62A5E /* InfoPlist.strings in Resources */,
				A14E6E991341204A00E62A5E /* MainWindow.xib in Resources */,
				A11D3DAF134E333A00ED284A /* WelcomeController.xib in Resources */,
				A11D3DB4134E357400ED284A /* MainForm.xib in Resources */,
				A196E537134E4AA90001E20E /* EditableCell.xib in Resources */,
				A19BFBDF134F4D0000C717FD /* Checked.png in Resources */,
				A19BFBE1134F4D0000C717FD /* PieSpinner1.png in Resources */,
				A19BFBE2134F4D0000C717FD /* PieSpinner2.png in Resources */,
				A19BFBE3134F4D0000C717FD /* PieSpinner3.png in Resources */,
				A19BFBE4134F4D0000C717FD /* PieSpinner4.png in Resources */,
				A19BFBE5134F4D0000C717FD /* PieSpinner5.png in Resources */,
				A19BFBE6134F4D0000C717FD /* PieSpinner6.png in Resources */,
				A19BFBE7134F4D0000C717FD /* PieSpinner7.png in Resources */,
				A19BFBE8134F4D0000C717FD /* PieSpinner8.png in Resources */,
				A19BFBEA134F4D0000C717FD /* EUIFormBackground.png in Resources */,
				A19BFBF0134F4D0000C717FD /* EUIFormHighlight.png in Resources */,
				A19BFBFB134F4D0000C717FD /* Unchecked.png in Resources */,
			);
			runOnlyForDeploymentPostprocessing = 0;
		};
		A14E6EA21341204A00E62A5E /* Resources */ = {
			isa = PBXResourcesBuildPhase;
			buildActionMask = 2147483647;
			files = (
			);
			runOnlyForDeploymentPostprocessing = 0;
		};
/* End PBXResourcesBuildPhase section */

/* Begin PBXShellScriptBuildPhase section */
		A14E6EA31341204A00E62A5E /* ShellScript */ = {
			isa = PBXShellScriptBuildPhase;
			buildActionMask = 2147483647;
			files = (
			);
			inputPaths = (
			);
			outputPaths = (
			);
			runOnlyForDeploymentPostprocessing = 0;
			shellPath = /bin/sh;
			shellScript = "# Run the unit tests in this test bundle.\n\"${SYSTEM_DEVELOPER_DIR}/Tools/RunUnitTests\"\n";
		};
/* End PBXShellScriptBuildPhase section */

/* Begin PBXSourcesBuildPhase section */
		A14E6E781341204A00E62A5E /* Sources */ = {
			isa = PBXSourcesBuildPhase;
			buildActionMask = 2147483647;
			files = (
				A14E6E901341204A00E62A5E /* main.m in Sources */,
				A14E6E931341204A00E62A5E /* FoodFoodAppDelegate.m in Sources */,
				A14E6E961341204A00E62A5E /* FoodFood.xcdatamodeld in Sources */,
				A1A8803A134CF4F900176BD3 /* ASIAuthenticationDialog.m in Sources */,
				A1A8803B134CF4F900176BD3 /* ASIDataCompressor.m in Sources */,
				A1A8803C134CF4F900176BD3 /* ASIDataDecompressor.m in Sources */,
				A1A8803D134CF4F900176BD3 /* ASIDownloadCache.m in Sources */,
				A1A8803E134CF4F900176BD3 /* ASIFormDataRequest.m in Sources */,
				A1A8803F134CF4F900176BD3 /* ASIHTTPRequest.m in Sources */,
				A1A88040134CF4F900176BD3 /* ASIInputStream.m in Sources */,
				A1A88041134CF4F900176BD3 /* ASINetworkQueue.m in Sources */,
				A1A88044134CF53E00176BD3 /* Reachability.m in Sources */,
				A11D3DAE134E333A00ED284A /* WelcomeController.m in Sources */,
				A11D3DB3134E357400ED284A /* MainForm.m in Sources */,
				A11D3DB7134E3F9600ED284A /* EditableCell.m in Sources */,
				A196E53B134E50E70001E20E /* FormSingleton.m in Sources */,
				A19BFBE0134F4D0000C717FD /* EUIActivityIndicatorView.m in Sources */,
				A19BFBE9134F4D0000C717FD /* EUIForm.m in Sources */,
				A19BFBEB134F4D0000C717FD /* EUIFormDatePicker.m in Sources */,
				A19BFBEC134F4D0000C717FD /* EUIFormField.m in Sources */,
				A19BFBED134F4D0000C717FD /* EUIFormFieldList.m in Sources */,
				A19BFBEE134F4D0000C717FD /* EUIFormFieldSubList.m in Sources */,
				A19BFBEF134F4D0000C717FD /* EUIFormGroup.m in Sources */,
				A19BFBF1134F4D0000C717FD /* EUIFormSample.m in Sources */,
				A19BFBF2134F4D0000C717FD /* EUIFormSampleObject.m in Sources */,
				A19BFBF3134F4D0000C717FD /* EUIFormStringsEditor.m in Sources */,
				A19BFBF4134F4D0000C717FD /* EUIFormTextEditor.m in Sources */,
				A19BFBF5134F4D0000C717FD /* EUIObject.m in Sources */,
				A19BFBF6134F4D0000C717FD /* EUIPhoneNumber.m in Sources */,
				A19BFBF7134F4D0000C717FD /* EUIPostData.m in Sources */,
				A19BFBF8134F4D0000C717FD /* EUIPrompt.m in Sources */,
				A19BFBF9134F4D0000C717FD /* EUITableViewController.m in Sources */,
				A19BFBFA134F4D0000C717FD /* EUIUtility.m in Sources */,
			);
			runOnlyForDeploymentPostprocessing = 0;
		};
		A14E6EA01341204A00E62A5E /* Sources */ = {
			isa = PBXSourcesBuildPhase;
			buildActionMask = 2147483647;
			files = (
			);
			runOnlyForDeploymentPostprocessing = 0;
		};
/* End PBXSourcesBuildPhase section */

/* Begin PBXTargetDependency section */
		A14E6EAB1341204A00E62A5E /* PBXTargetDependency */ = {
			isa = PBXTargetDependency;
			target = A14E6E7B1341204A00E62A5E /* FoodFood */;
			targetProxy = A14E6EAA1341204A00E62A5E /* PBXContainerItemProxy */;
		};
/* End PBXTargetDependency section */

/* Begin PBXVariantGroup section */
		A14E6E8B1341204A00E62A5E /* InfoPlist.strings */ = {
			isa = PBXVariantGroup;
			children = (
				A14E6E8C1341204A00E62A5E /* en */,
			);
			name = InfoPlist.strings;
			sourceTree = "<group>";
		};
		A14E6E971341204A00E62A5E /* MainWindow.xib */ = {
			isa = PBXVariantGroup;
			children = (
				A14E6E981341204A00E62A5E /* en */,
			);
			name = MainWindow.xib;
			sourceTree = "<group>";
		};
/* End PBXVariantGroup section */

/* Begin XCBuildConfiguration section */
		A14E6EB71341204A00E62A5E /* Debug */ = {
			isa = XCBuildConfiguration;
			buildSettings = {
				ARCHS = "$(ARCHS_STANDARD_32_BIT)";
				"CODE_SIGN_IDENTITY[sdk=iphoneos*]" = "iPhone Developer";
				GCC_C_LANGUAGE_STANDARD = gnu99;
				GCC_OPTIMIZATION_LEVEL = 0;
				GCC_PREPROCESSOR_DEFINITIONS = DEBUG;
				GCC_SYMBOLS_PRIVATE_EXTERN = NO;
				GCC_VERSION = com.apple.compilers.llvmgcc42;
				GCC_WARN_ABOUT_RETURN_TYPE = YES;
				GCC_WARN_UNUSED_VARIABLE = YES;
				IPHONEOS_DEPLOYMENT_TARGET = 4.2;
				SDKROOT = iphoneos;
			};
			name = Debug;
		};
		A14E6EB81341204A00E62A5E /* Release */ = {
			isa = XCBuildConfiguration;
			buildSettings = {
				ARCHS = "$(ARCHS_STANDARD_32_BIT)";
				"CODE_SIGN_IDENTITY[sdk=iphoneos*]" = "iPhone Developer";
				GCC_C_LANGUAGE_STANDARD = gnu99;
				GCC_VERSION = com.apple.compilers.llvmgcc42;
				GCC_WARN_ABOUT_RETURN_TYPE = YES;
				GCC_WARN_UNUSED_VARIABLE = YES;
				IPHONEOS_DEPLOYMENT_TARGET = 4.2;
				OTHER_CFLAGS = "-DNS_BLOCK_ASSERTIONS=1";
				SDKROOT = iphoneos;
			};
			name = Release;
		};
		A14E6EBA1341204A00E62A5E /* Debug */ = {
			isa = XCBuildConfiguration;
			buildSettings = {
				ALWAYS_SEARCH_USER_PATHS = NO;
				COPY_PHASE_STRIP = NO;
				GCC_DYNAMIC_NO_PIC = NO;
				GCC_PRECOMPILE_PREFIX_HEADER = YES;
				GCC_PREFIX_HEADER = "FoodFood/FoodFood-Prefix.pch";
				INFOPLIST_FILE = "FoodFood/FoodFood-Info.plist";
				PRODUCT_NAME = "$(TARGET_NAME)";
				WRAPPER_EXTENSION = app;
			};
			name = Debug;
		};
		A14E6EBB1341204A00E62A5E /* Release */ = {
			isa = XCBuildConfiguration;
			buildSettings = {
				ALWAYS_SEARCH_USER_PATHS = NO;
				COPY_PHASE_STRIP = YES;
				GCC_PRECOMPILE_PREFIX_HEADER = YES;
				GCC_PREFIX_HEADER = "FoodFood/FoodFood-Prefix.pch";
				INFOPLIST_FILE = "FoodFood/FoodFood-Info.plist";
				PRODUCT_NAME = "$(TARGET_NAME)";
				VALIDATE_PRODUCT = YES;
				WRAPPER_EXTENSION = app;
			};
			name = Release;
		};
		A14E6EBD1341204A00E62A5E /* Debug */ = {
			isa = XCBuildConfiguration;
			buildSettings = {
				ALWAYS_SEARCH_USER_PATHS = NO;
				BUNDLE_LOADER = "$(BUILT_PRODUCTS_DIR)/FoodFood.app/FoodFood";
				FRAMEWORK_SEARCH_PATHS = (
					"$(SDKROOT)/Developer/Library/Frameworks",
					"$(DEVELOPER_LIBRARY_DIR)/Frameworks",
				);
				GCC_PRECOMPILE_PREFIX_HEADER = YES;
				GCC_PREFIX_HEADER = "FoodFoodTests/FoodFoodTests-Prefix.pch";
				INFOPLIST_FILE = "FoodFoodTests/FoodFoodTests-Info.plist";
				OTHER_LDFLAGS = (
					"-framework",
					SenTestingKit,
				);
				PRODUCT_NAME = "$(TARGET_NAME)";
				TEST_HOST = "$(BUNDLE_LOADER)";
				WRAPPER_EXTENSION = octest;
			};
			name = Debug;
		};
		A14E6EBE1341204A00E62A5E /* Release */ = {
			isa = XCBuildConfiguration;
			buildSettings = {
				ALWAYS_SEARCH_USER_PATHS = NO;
				BUNDLE_LOADER = "$(BUILT_PRODUCTS_DIR)/FoodFood.app/FoodFood";
				FRAMEWORK_SEARCH_PATHS = (
					"$(SDKROOT)/Developer/Library/Frameworks",
					"$(DEVELOPER_LIBRARY_DIR)/Frameworks",
				);
				GCC_PRECOMPILE_PREFIX_HEADER = YES;
				GCC_PREFIX_HEADER = "FoodFoodTests/FoodFoodTests-Prefix.pch";
				INFOPLIST_FILE = "FoodFoodTests/FoodFoodTests-Info.plist";
				OTHER_LDFLAGS = (
					"-framework",
					SenTestingKit,
				);
				PRODUCT_NAME = "$(TARGET_NAME)";
				TEST_HOST = "$(BUNDLE_LOADER)";
				WRAPPER_EXTENSION = octest;
			};
			name = Release;
		};
/* End XCBuildConfiguration section */

/* Begin XCConfigurationList section */
		A14E6E761341204900E62A5E /* Build configuration list for PBXProject "FoodFood" */ = {
			isa = XCConfigurationList;
			buildConfigurations = (
				A14E6EB71341204A00E62A5E /* Debug */,
				A14E6EB81341204A00E62A5E /* Release */,
			);
			defaultConfigurationIsVisible = 0;
			defaultConfigurationName = Release;
		};
		A14E6EB91341204A00E62A5E /* Build configuration list for PBXNativeTarget "FoodFood" */ = {
			isa = XCConfigurationList;
			buildConfigurations = (
				A14E6EBA1341204A00E62A5E /* Debug */,
				A14E6EBB1341204A00E62A5E /* Release */,
			);
			defaultConfigurationIsVisible = 0;
			defaultConfigurationName = Release;
		};
		A14E6EBC1341204A00E62A5E /* Build configuration list for PBXNativeTarget "FoodFoodTests" */ = {
			isa = XCConfigurationList;
			buildConfigurations = (
				A14E6EBD1341204A00E62A5E /* Debug */,
				A14E6EBE1341204A00E62A5E /* Release */,
			);
			defaultConfigurationIsVisible = 0;
			defaultConfigurationName = Release;
		};
/* End XCConfigurationList section */

/* Begin XCVersionGroup section */
		A14E6E941341204A00E62A5E /* FoodFood.xcdatamodeld */ = {
			isa = XCVersionGroup;
			children = (
				A14E6E951341204A00E62A5E /* FoodFood.xcdatamodel */,
			);
			currentVersion = A14E6E951341204A00E62A5E /* FoodFood.xcdatamodel */;
			path = FoodFood.xcdatamodeld;
			sourceTree = "<group>";
			versionGroupType = wrapper.xcdatamodel;
		};
/* End XCVersionGroup section */
	};
	rootObject = A14E6E731341204900E62A5E /* Project object */;
}
